// !$*UTF8*$!
{
	archiveVersion = 1;
	classes = {
	};
	objectVersion = 46;
	objects = {

/* Begin PBXBuildFile section */
		840E0B7D1B7646DD008122EB /* README.md in Sources */ = {isa = PBXBuildFile; fileRef = 840E0B7C1B7646DD008122EB /* README.md */; };
		840E0B841B76565A008122EB /* Smiley-0.jpg in Resources */ = {isa = PBXBuildFile; fileRef = 840E0B7E1B76565A008122EB /* Smiley-0.jpg */; };
		840E0B851B76565A008122EB /* Smiley-020.jpg in Resources */ = {isa = PBXBuildFile; fileRef = 840E0B7F1B76565A008122EB /* Smiley-020.jpg */; };
		840E0B861B76565A008122EB /* Smiley-040.jpg in Resources */ = {isa = PBXBuildFile; fileRef = 840E0B801B76565A008122EB /* Smiley-040.jpg */; };
		840E0B871B76565A008122EB /* Smiley-060.png in Resources */ = {isa = PBXBuildFile; fileRef = 840E0B811B76565A008122EB /* Smiley-060.png */; };
		840E0B881B76565A008122EB /* Smiley-080.jpg in Resources */ = {isa = PBXBuildFile; fileRef = 840E0B821B76565A008122EB /* Smiley-080.jpg */; };
		840E0B891B76565A008122EB /* Smiley-100.jpeg in Resources */ = {isa = PBXBuildFile; fileRef = 840E0B831B76565A008122EB /* Smiley-100.jpeg */; };
		8451E14D1B76441500123D85 /* AppDelegate.swift in Sources */ = {isa = PBXBuildFile; fileRef = 8451E14C1B76441500123D85 /* AppDelegate.swift */; };
		8451E14F1B76441500123D85 /* ViewController.swift in Sources */ = {isa = PBXBuildFile; fileRef = 8451E14E1B76441500123D85 /* ViewController.swift */; };
		8451E1521B76441500123D85 /* Main.storyboard in Resources */ = {isa = PBXBuildFile; fileRef = 8451E1501B76441500123D85 /* Main.storyboard */; };
		8451E1541B76441500123D85 /* Images.xcassets in Resources */ = {isa = PBXBuildFile; fileRef = 8451E1531B76441500123D85 /* Images.xcassets */; };
		8451E1571B76441500123D85 /* LaunchScreen.xib in Resources */ = {isa = PBXBuildFile; fileRef = 8451E1551B76441500123D85 /* LaunchScreen.xib */; };
		8451E1631B76441500123D85 /* TipsCalculatorTests.swift in Sources */ = {isa = PBXBuildFile; fileRef = 8451E1621B76441500123D85 /* TipsCalculatorTests.swift */; };
		8452D90A1B772F4100763207 /* icon-taxi.png in Resources */ = {isa = PBXBuildFile; fileRef = 8452D9061B772F4100763207 /* icon-taxi.png */; };
		8452D90B1B772F4100763207 /* icon-salon.png in Resources */ = {isa = PBXBuildFile; fileRef = 8452D9071B772F4100763207 /* icon-salon.png */; };
		8452D90C1B772F4100763207 /* icon-hotel.png in Resources */ = {isa = PBXBuildFile; fileRef = 8452D9081B772F4100763207 /* icon-hotel.png */; };
		8452D90D1B772F4100763207 /* icon-restaurant.png in Resources */ = {isa = PBXBuildFile; fileRef = 8452D9091B772F4100763207 /* icon-restaurant.png */; };
		8452D90F1B77308A00763207 /* SettingsTableViewController.swift in Sources */ = {isa = PBXBuildFile; fileRef = 8452D90E1B77308A00763207 /* SettingsTableViewController.swift */; };
/* End PBXBuildFile section */

/* Begin PBXContainerItemProxy section */
		8451E15D1B76441500123D85 /* PBXContainerItemProxy */ = {
			isa = PBXContainerItemProxy;
			containerPortal = 8451E13F1B76441500123D85 /* Project object */;
			proxyType = 1;
			remoteGlobalIDString = 8451E1461B76441500123D85;
			remoteInfo = TipsCalculator;
		};
/* End PBXContainerItemProxy section */

/* Begin PBXFileReference section */
		840E0B7C1B7646DD008122EB /* README.md */ = {isa = PBXFileReference; fileEncoding = 4; lastKnownFileType = net.daringfireball.markdown; path = README.md; sourceTree = "<group>"; };
		840E0B7E1B76565A008122EB /* Smiley-0.jpg */ = {isa = PBXFileReference; lastKnownFileType = image.jpeg; path = "Smiley-0.jpg"; sourceTree = "<group>"; };
		840E0B7F1B76565A008122EB /* Smiley-020.jpg */ = {isa = PBXFileReference; lastKnownFileType = image.jpeg; path = "Smiley-020.jpg"; sourceTree = "<group>"; };
		840E0B801B76565A008122EB /* Smiley-040.jpg */ = {isa = PBXFileReference; lastKnownFileType = image.jpeg; path = "Smiley-040.jpg"; sourceTree = "<group>"; };
		840E0B811B76565A008122EB /* Smiley-060.png */ = {isa = PBXFileReference; lastKnownFileType = image.png; path = "Smiley-060.png"; sourceTree = "<group>"; };
		840E0B821B76565A008122EB /* Smiley-080.jpg */ = {isa = PBXFileReference; lastKnownFileType = image.jpeg; path = "Smiley-080.jpg"; sourceTree = "<group>"; };
		840E0B831B76565A008122EB /* Smiley-100.jpeg */ = {isa = PBXFileReference; lastKnownFileType = image.jpeg; path = "Smiley-100.jpeg"; sourceTree = "<group>"; };
		8451E1471B76441500123D85 /* TipsCalculator.app */ = {isa = PBXFileReference; explicitFileType = wrapper.application; includeInIndex = 0; path = TipsCalculator.app; sourceTree = BUILT_PRODUCTS_DIR; };
		8451E14B1B76441500123D85 /* Info.plist */ = {isa = PBXFileReference; lastKnownFileType = text.plist.xml; path = Info.plist; sourceTree = "<group>"; };
		8451E14C1B76441500123D85 /* AppDelegate.swift */ = {isa = PBXFileReference; lastKnownFileType = sourcecode.swift; path = AppDelegate.swift; sourceTree = "<group>"; };
		8451E14E1B76441500123D85 /* ViewController.swift */ = {isa = PBXFileReference; lastKnownFileType = sourcecode.swift; path = ViewController.swift; sourceTree = "<group>"; };
		8451E1511B76441500123D85 /* Base */ = {isa = PBXFileReference; lastKnownFileType = file.storyboard; name = Base; path = Base.lproj/Main.storyboard; sourceTree = "<group>"; };
		8451E1531B76441500123D85 /* Images.xcassets */ = {isa = PBXFileReference; lastKnownFileType = folder.assetcatalog; path = Images.xcassets; sourceTree = "<group>"; };
		8451E1561B76441500123D85 /* Base */ = {isa = PBXFileReference; lastKnownFileType = file.xib; name = Base; path = Base.lproj/LaunchScreen.xib; sourceTree = "<group>"; };
		8451E15C1B76441500123D85 /* TipsCalculatorTests.xctest */ = {isa = PBXFileReference; explicitFileType = wrapper.cfbundle; includeInIndex = 0; path = TipsCalculatorTests.xctest; sourceTree = BUILT_PRODUCTS_DIR; };
		8451E1611B76441500123D85 /* Info.plist */ = {isa = PBXFileReference; lastKnownFileType = text.plist.xml; path = Info.plist; sourceTree = "<group>"; };
		8451E1621B76441500123D85 /* TipsCalculatorTests.swift */ = {isa = PBXFileReference; lastKnownFileType = sourcecode.swift; path = TipsCalculatorTests.swift; sourceTree = "<group>"; };
		8452D9061B772F4100763207 /* icon-taxi.png */ = {isa = PBXFileReference; lastKnownFileType = image.png; path = "icon-taxi.png"; sourceTree = "<group>"; };
		8452D9071B772F4100763207 /* icon-salon.png */ = {isa = PBXFileReference; lastKnownFileType = image.png; path = "icon-salon.png"; sourceTree = "<group>"; };
		8452D9081B772F4100763207 /* icon-hotel.png */ = {isa = PBXFileReference; lastKnownFileType = image.png; path = "icon-hotel.png"; sourceTree = "<group>"; };
		8452D9091B772F4100763207 /* icon-restaurant.png */ = {isa = PBXFileReference; lastKnownFileType = image.png; path = "icon-restaurant.png"; sourceTree = "<group>"; };
		8452D90E1B77308A00763207 /* SettingsTableViewController.swift */ = {isa = PBXFileReference; fileEncoding = 4; lastKnownFileType = sourcecode.swift; path = SettingsTableViewController.swift; sourceTree = "<group>"; };
/* End PBXFileReference section */

/* Begin PBXFrameworksBuildPhase section */
		8451E1441B76441500123D85 /* Frameworks */ = {
			isa = PBXFrameworksBuildPhase;
			buildActionMask = 2147483647;
			files = (
			);
			runOnlyForDeploymentPostprocessing = 0;
		};
		8451E1591B76441500123D85 /* Frameworks */ = {
			isa = PBXFrameworksBuildPhase;
			buildActionMask = 2147483647;
			files = (
			);
			runOnlyForDeploymentPostprocessing = 0;
		};
/* End PBXFrameworksBuildPhase section */

/* Begin PBXGroup section */
		8451E13E1B76441500123D85 = {
			isa = PBXGroup;
			children = (
				8451E1491B76441500123D85 /* TipsCalculator */,
				8451E15F1B76441500123D85 /* TipsCalculatorTests */,
				8451E1481B76441500123D85 /* Products */,
			);
			sourceTree = "<group>";
		};
		8451E1481B76441500123D85 /* Products */ = {
			isa = PBXGroup;
			children = (
				8451E1471B76441500123D85 /* TipsCalculator.app */,
				8451E15C1B76441500123D85 /* TipsCalculatorTests.xctest */,
			);
			name = Products;
			sourceTree = "<group>";
		};
		8451E1491B76441500123D85 /* TipsCalculator */ = {
			isa = PBXGroup;
			children = (
				8451E14C1B76441500123D85 /* AppDelegate.swift */,
				8451E1531B76441500123D85 /* Images.xcassets */,
				8451E1551B76441500123D85 /* LaunchScreen.xib */,
				8451E1501B76441500123D85 /* Main.storyboard */,
				8452D90E1B77308A00763207 /* SettingsTableViewController.swift */,
				8451E14E1B76441500123D85 /* ViewController.swift */,
				8451E14A1B76441500123D85 /* Supporting Files */,
			);
			path = TipsCalculator;
			sourceTree = "<group>";
		};
		8451E14A1B76441500123D85 /* Supporting Files */ = {
			isa = PBXGroup;
			children = (
				8452D9061B772F4100763207 /* icon-taxi.png */,
				8452D9071B772F4100763207 /* icon-salon.png */,
				8452D9081B772F4100763207 /* icon-hotel.png */,
				8452D9091B772F4100763207 /* icon-restaurant.png */,
				840E0B7E1B76565A008122EB /* Smiley-0.jpg */,
				840E0B7F1B76565A008122EB /* Smiley-020.jpg */,
				840E0B801B76565A008122EB /* Smiley-040.jpg */,
				840E0B811B76565A008122EB /* Smiley-060.png */,
				840E0B821B76565A008122EB /* Smiley-080.jpg */,
				840E0B831B76565A008122EB /* Smiley-100.jpeg */,
				840E0B7C1B7646DD008122EB /* README.md */,
				8451E14B1B76441500123D85 /* Info.plist */,
			);
			name = "Supporting Files";
			sourceTree = "<group>";
		};
		8451E15F1B76441500123D85 /* TipsCalculatorTests */ = {
			isa = PBXGroup;
			children = (
				8451E1621B76441500123D85 /* TipsCalculatorTests.swift */,
				8451E1601B76441500123D85 /* Supporting Files */,
			);
			path = TipsCalculatorTests;
			sourceTree = "<group>";
		};
		8451E1601B76441500123D85 /* Supporting Files */ = {
			isa = PBXGroup;
			children = (
				8451E1611B76441500123D85 /* Info.plist */,
			);
			name = "Supporting Files";
			sourceTree = "<group>";
		};
/* End PBXGroup section */

/* Begin PBXNativeTarget section */
		8451E1461B76441500123D85 /* TipsCalculator */ = {
			isa = PBXNativeTarget;
			buildConfigurationList = 8451E1661B76441500123D85 /* Build configuration list for PBXNativeTarget "TipsCalculator" */;
			buildPhases = (
				8451E1431B76441500123D85 /* Sources */,
				8451E1441B76441500123D85 /* Frameworks */,
				8451E1451B76441500123D85 /* Resources */,
			);
			buildRules = (
			);
			dependencies = (
			);
			name = TipsCalculator;
			productName = TipsCalculator;
			productReference = 8451E1471B76441500123D85 /* TipsCalculator.app */;
			productType = "com.apple.product-type.application";
		};
		8451E15B1B76441500123D85 /* TipsCalculatorTests */ = {
			isa = PBXNativeTarget;
			buildConfigurationList = 8451E1691B76441500123D85 /* Build configuration list for PBXNativeTarget "TipsCalculatorTests" */;
			buildPhases = (
				8451E1581B76441500123D85 /* Sources */,
				8451E1591B76441500123D85 /* Frameworks */,
				8451E15A1B76441500123D85 /* Resources */,
			);
			buildRules = (
			);
			dependencies = (
				8451E15E1B76441500123D85 /* PBXTargetDependency */,
			);
			name = TipsCalculatorTests;
			productName = TipsCalculatorTests;
			productReference = 8451E15C1B76441500123D85 /* TipsCalculatorTests.xctest */;
			productType = "com.apple.product-type.bundle.unit-test";
		};
/* End PBXNativeTarget section */

/* Begin PBXProject section */
		8451E13F1B76441500123D85 /* Project object */ = {
			isa = PBXProject;
			attributes = {
				LastUpgradeCheck = 0620;
				ORGANIZATIONNAME = hoang;
				TargetAttributes = {
					8451E1461B76441500123D85 = {
						CreatedOnToolsVersion = 6.2;
					};
					8451E15B1B76441500123D85 = {
						CreatedOnToolsVersion = 6.2;
						TestTargetID = 8451E1461B76441500123D85;
					};
				};
			};
			buildConfigurationList = 8451E1421B76441500123D85 /* Build configuration list for PBXProject "TipsCalculator" */;
			compatibilityVersion = "Xcode 3.2";
			developmentRegion = English;
			hasScannedForEncodings = 0;
			knownRegions = (
				en,
				Base,
			);
			mainGroup = 8451E13E1B76441500123D85;
			productRefGroup = 8451E1481B76441500123D85 /* Products */;
			projectDirPath = "";
			projectRoot = "";
			targets = (
				8451E1461B76441500123D85 /* TipsCalculator */,
				8451E15B1B76441500123D85 /* TipsCalculatorTests */,
			);
		};
/* End PBXProject section */

/* Begin PBXResourcesBuildPhase section */
		8451E1451B76441500123D85 /* Resources */ = {
			isa = PBXResourcesBuildPhase;
			buildActionMask = 2147483647;
			files = (
				8452D90D1B772F4100763207 /* icon-restaurant.png in Resources */,
				8451E1521B76441500123D85 /* Main.storyboard in Resources */,
				840E0B871B76565A008122EB /* Smiley-060.png in Resources */,
				8451E1571B76441500123D85 /* LaunchScreen.xib in Resources */,
				8452D90C1B772F4100763207 /* icon-hotel.png in Resources */,
				8452D90A1B772F4100763207 /* icon-taxi.png in Resources */,
				8451E1541B76441500123D85 /* Images.xcassets in Resources */,
				840E0B861B76565A008122EB /* Smiley-040.jpg in Resources */,
				840E0B881B76565A008122EB /* Smiley-080.jpg in Resources */,
				840E0B891B76565A008122EB /* Smiley-100.jpeg in Resources */,
				840E0B841B76565A008122EB /* Smiley-0.jpg in Resources */,
				840E0B851B76565A008122EB /* Smiley-020.jpg in Resources */,
				8452D90B1B772F4100763207 /* icon-salon.png in Resources */,
			);
			runOnlyForDeploymentPostprocessing = 0;
		};
		8451E15A1B76441500123D85 /* Resources */ = {
			isa = PBXResourcesBuildPhase;
			buildActionMask = 2147483647;
			files = (
			);
			runOnlyForDeploymentPostprocessing = 0;
		};
/* End PBXResourcesBuildPhase section */

/* Begin PBXSourcesBuildPhase section */
		8451E1431B76441500123D85 /* Sources */ = {
			isa = PBXSourcesBuildPhase;
			buildActionMask = 2147483647;
			files = (
				8452D90F1B77308A00763207 /* SettingsTableViewController.swift in Sources */,
				840E0B7D1B7646DD008122EB /* README.md in Sources */,
				8451E14F1B76441500123D85 /* ViewController.swift in Sources */,
				8451E14D1B76441500123D85 /* AppDelegate.swift in Sources */,
			);
			runOnlyForDeploymentPostprocessing = 0;
		};
		8451E1581B76441500123D85 /* Sources */ = {
			isa = PBXSourcesBuildPhase;
			buildActionMask = 2147483647;
			files = (
				8451E1631B76441500123D85 /* TipsCalculatorTests.swift in Sources */,
			);
			runOnlyForDeploymentPostprocessing = 0;
		};
/* End PBXSourcesBuildPhase section */

/* Begin PBXTargetDependency section */
		8451E15E1B76441500123D85 /* PBXTargetDependency */ = {
			isa = PBXTargetDependency;
			target = 8451E1461B76441500123D85 /* TipsCalculator */;
			targetProxy = 8451E15D1B76441500123D85 /* PBXContainerItemProxy */;
		};
/* End PBXTargetDependency section */

/* Begin PBXVariantGroup section */
		8451E1501B76441500123D85 /* Main.storyboard */ = {
			isa = PBXVariantGroup;
			children = (
				8451E1511B76441500123D85 /* Base */,
			);
			name = Main.storyboard;
			sourceTree = "<group>";
		};
		8451E1551B76441500123D85 /* LaunchScreen.xib */ = {
			isa = PBXVariantGroup;
			children = (
				8451E1561B76441500123D85 /* Base */,
			);
			name = LaunchScreen.xib;
			sourceTree = "<group>";
		};
/* End PBXVariantGroup section */

/* Begin XCBuildConfiguration section */
		8451E1641B76441500123D85 /* Debug */ = {
			isa = XCBuildConfiguration;
			buildSettings = {
				ALWAYS_SEARCH_USER_PATHS = NO;
				CLANG_CXX_LANGUAGE_STANDARD = "gnu++0x";
				CLANG_CXX_LIBRARY = "libc++";
				CLANG_ENABLE_MODULES = YES;
				CLANG_ENABLE_OBJC_ARC = YES;
				CLANG_WARN_BOOL_CONVERSION = YES;
				CLANG_WARN_CONSTANT_CONVERSION = YES;
				CLANG_WARN_DIRECT_OBJC_ISA_USAGE = YES_ERROR;
				CLANG_WARN_EMPTY_BODY = YES;
				CLANG_WARN_ENUM_CONVERSION = YES;
				CLANG_WARN_INT_CONVERSION = YES;
				CLANG_WARN_OBJC_ROOT_CLASS = YES_ERROR;
				CLANG_WARN_UNREACHABLE_CODE = YES;
				CLANG_WARN__DUPLICATE_METHOD_MATCH = YES;
				"CODE_SIGN_IDENTITY[sdk=iphoneos*]" = "iPhone Developer";
				COPY_PHASE_STRIP = NO;
				ENABLE_STRICT_OBJC_MSGSEND = YES;
				GCC_C_LANGUAGE_STANDARD = gnu99;
				GCC_DYNAMIC_NO_PIC = NO;
				GCC_OPTIMIZATION_LEVEL = 0;
				GCC_PREPROCESSOR_DEFINITIONS = (
					"DEBUG=1",
					"$(inherited)",
				);
				GCC_SYMBOLS_PRIVATE_EXTERN = NO;
				GCC_WARN_64_TO_32_BIT_CONVERSION = YES;
				GCC_WARN_ABOUT_RETURN_TYPE = YES_ERROR;
				GCC_WARN_UNDECLARED_SELECTOR = YES;
				GCC_WARN_UNINITIALIZED_AUTOS = YES_AGGRESSIVE;
				GCC_WARN_UNUSED_FUNCTION = YES;
				GCC_WARN_UNUSED_VARIABLE = YES;
				IPHONEOS_DEPLOYMENT_TARGET = 8.2;
				MTL_ENABLE_DEBUG_INFO = YES;
				ONLY_ACTIVE_ARCH = YES;
				SDKROOT = iphoneos;
				SWIFT_OPTIMIZATION_LEVEL = "-Onone";
			};
			name = Debug;
		};
		8451E1651B76441500123D85 /* Release */ = {
			isa = XCBuildConfiguration;
			buildSettings = {
				ALWAYS_SEARCH_USER_PATHS = NO;
				CLANG_CXX_LANGUAGE_STANDARD = "gnu++0x";
				CLANG_CXX_LIBRARY = "libc++";
				CLANG_ENABLE_MODULES = YES;
				CLANG_ENABLE_OBJC_ARC = YES;
				CLANG_WARN_BOOL_CONVERSION = YES;
				CLANG_WARN_CONSTANT_CONVERSION = YES;
				CLANG_WARN_DIRECT_OBJC_ISA_USAGE = YES_ERROR;
				CLANG_WARN_EMPTY_BODY = YES;
				CLANG_WARN_ENUM_CONVERSION = YES;
				CLANG_WARN_INT_CONVERSION = YES;
				CLANG_WARN_OBJC_ROOT_CLASS = YES_ERROR;
				CLANG_WARN_UNREACHABLE_CODE = YES;
				CLANG_WARN__DUPLICATE_METHOD_MATCH = YES;
				"CODE_SIGN_IDENTITY[sdk=iphoneos*]" = "iPhone Developer";
				COPY_PHASE_STRIP = NO;
				ENABLE_NS_ASSERTIONS = NO;
				ENABLE_STRICT_OBJC_MSGSEND = YES;
				GCC_C_LANGUAGE_STANDARD = gnu99;
				GCC_WARN_64_TO_32_BIT_CONVERSION = YES;
				GCC_WARN_ABOUT_RETURN_TYPE = YES_ERROR;
				GCC_WARN_UNDECLARED_SELECTOR = YES;
				GCC_WARN_UNINITIALIZED_AUTOS = YES_AGGRESSIVE;
				GCC_WARN_UNUSED_FUNCTION = YES;
				GCC_WARN_UNUSED_VARIABLE = YES;
				IPHONEOS_DEPLOYMENT_TARGET = 8.2;
				MTL_ENABLE_DEBUG_INFO = NO;
				SDKROOT = iphoneos;
				VALIDATE_PRODUCT = YES;
			};
			name = Release;
		};
		8451E1671B76441500123D85 /* Debug */ = {
			isa = XCBuildConfiguration;
			buildSettings = {
				ASSETCATALOG_COMPILER_APPICON_NAME = AppIcon;
				INFOPLIST_FILE = TipsCalculator/Info.plist;
				LD_RUNPATH_SEARCH_PATHS = "$(inherited) @executable_path/Frameworks";
				PRODUCT_NAME = "$(TARGET_NAME)";
			};
			name = Debug;
		};
		8451E1681B76441500123D85 /* Release */ = {
			isa = XCBuildConfiguration;
			buildSettings = {
				ASSETCATALOG_COMPILER_APPICON_NAME = AppIcon;
				INFOPLIST_FILE = TipsCalculator/Info.plist;
				LD_RUNPATH_SEARCH_PATHS = "$(inherited) @executable_path/Frameworks";
				PRODUCT_NAME = "$(TARGET_NAME)";
			};
			name = Release;
		};
		8451E16A1B76441500123D85 /* Debug */ = {
			isa = XCBuildConfiguration;
			buildSettings = {
				BUNDLE_LOADER = "$(TEST_HOST)";
				FRAMEWORK_SEARCH_PATHS = (
					"$(SDKROOT)/Developer/Library/Frameworks",
					"$(inherited)",
				);
				GCC_PREPROCESSOR_DEFINITIONS = (
					"DEBUG=1",
					"$(inherited)",
				);
				INFOPLIST_FILE = TipsCalculatorTests/Info.plist;
				LD_RUNPATH_SEARCH_PATHS = "$(inherited) @executable_path/Frameworks @loader_path/Frameworks";
				PRODUCT_NAME = "$(TARGET_NAME)";
				TEST_HOST = "$(BUILT_PRODUCTS_DIR)/TipsCalculator.app/TipsCalculator";
			};
			name = Debug;
		};
		8451E16B1B76441500123D85 /* Release */ = {
			isa = XCBuildConfiguration;
			buildSettings = {
				BUNDLE_LOADER = "$(TEST_HOST)";
				FRAMEWORK_SEARCH_PATHS = (
					"$(SDKROOT)/Developer/Library/Frameworks",
					"$(inherited)",
				);
				INFOPLIST_FILE = TipsCalculatorTests/Info.plist;
				LD_RUNPATH_SEARCH_PATHS = "$(inherited) @executable_path/Frameworks @loader_path/Frameworks";
				PRODUCT_NAME = "$(TARGET_NAME)";
				TEST_HOST = "$(BUILT_PRODUCTS_DIR)/TipsCalculator.app/TipsCalculator";
			};
			name = Release;
		};
/* End XCBuildConfiguration section */

/* Begin XCConfigurationList section */
		8451E1421B76441500123D85 /* Build configuration list for PBXProject "TipsCalculator" */ = {
			isa = XCConfigurationList;
			buildConfigurations = (
				8451E1641B76441500123D85 /* Debug */,
				8451E1651B76441500123D85 /* Release */,
			);
			defaultConfigurationIsVisible = 0;
			defaultConfigurationName = Release;
		};
		8451E1661B76441500123D85 /* Build configuration list for PBXNativeTarget "TipsCalculator" */ = {
			isa = XCConfigurationList;
			buildConfigurations = (
				8451E1671B76441500123D85 /* Debug */,
				8451E1681B76441500123D85 /* Release */,
			);
			defaultConfigurationIsVisible = 0;
			defaultConfigurationName = Release;
		};
		8451E1691B76441500123D85 /* Build configuration list for PBXNativeTarget "TipsCalculatorTests" */ = {
			isa = XCConfigurationList;
			buildConfigurations = (
				8451E16A1B76441500123D85 /* Debug */,
				8451E16B1B76441500123D85 /* Release */,
			);
			defaultConfigurationIsVisible = 0;
			defaultConfigurationName = Release;
		};
/* End XCConfigurationList section */
	};
	rootObject = 8451E13F1B76441500123D85 /* Project object */;
}
